2
git https://github.com/MasterQ32/zig-bearssl commit-c4a85cfe5fdbdb79b73b7edc0ec01ab68d809be8
git https://www.bearssl.org/git/BearSSL tag-v0.6
git https://github.com/MasterQ32/zig-network commit-6f1563af0a6d30e26597133ebc03f162723ea329
git https://github.com/MasterQ32/zig-uri commit-e879df3a236869f92298fbe2db3c25e6e84cfd4c
git https://github.com/MasterQ32/zig-gemtext commit-1b289455ddae4b3673510a46c8492319db5daa51
git https://github.com/Luukdegram/apple_pie commit-5399084b774a609b6058b700ee5777f5d4376733
